
Microsoft Visual Studio Solution File, Format Version 11.00
# Visual Studio 2010
Project("{FAE04EC0-301F-11D3-BF4B-00C04F79EFBC}") = "fdTFS", "fdTFS\fdTFS.csproj", "{0AC03FFE-3273-4899-9936-33056C4A0C81}"
EndProject
Global
	GlobalSection(TeamFoundationVersionControl) = preSolution
		SccNumberOfProjects = 2
		SccEnterpriseProvider = {4CA58AB2-18FA-4F8D-95D4-32DDF27D184C}
		SccTeamFoundationServer = https://tfs.codeplex.com/tfs/tfs14
		SccProjectUniqueName0 = fdTFS\\fdTFS.csproj
		SccProjectName0 = fdTFS
		SccLocalPath0 = fdTFS
		SccLocalPath1 = .
	EndGlobalSection
	GlobalSection(SolutionConfigurationPlatforms) = preSolution
		Debug|Any CPU = Debug|Any CPU
		Release|Any CPU = Release|Any CPU
	EndGlobalSection
	GlobalSection(ProjectConfigurationPlatforms) = postSolution
		{0AC03FFE-3273-4899-9936-33056C4A0C81}.Debug|Any CPU.ActiveCfg = Debug|Any CPU
		{0AC03FFE-3273-4899-9936-33056C4A0C81}.Debug|Any CPU.Build.0 = Debug|Any CPU
		{0AC03FFE-3273-4899-9936-33056C4A0C81}.Release|Any CPU.ActiveCfg = Release|Any CPU
		{0AC03FFE-3273-4899-9936-33056C4A0C81}.Release|Any CPU.Build.0 = Release|Any CPU
	EndGlobalSection
	GlobalSection(SolutionProperties) = preSolution
		HideSolutionNode = FALSE
	EndGlobalSection
EndGlobal
